{
  "requires": true,
  "lockfileVersion": 1,
  "dependencies": {
    "recoil-persist": {
      "version": "3.0.0",
      "resolved": "https://registry.npmjs.org/recoil-persist/-/recoil-persist-3.0.0.tgz",
      "integrity": "sha512-ZQB/U26uLdm2bDPh9HR44WamHz30XUD0cqAUnqSDuIKRTHsyjqccJ3ThXfoFYnG9QpOUcPSve6ElHseVll2g+w=="
    }
  }
}
